// !$*UTF8*$!
{
	archiveVersion = 1;
	classes = {
	};
	objectVersion = 50;
	objects = {

/* Begin PBXBuildFile section */
		5B8F585C20F502DC003698F5 /* AppDelegate.swift in Sources */ = {isa = PBXBuildFile; fileRef = 5B8F585B20F502DC003698F5 /* AppDelegate.swift */; };
		5B8F585E20F502DC003698F5 /* SourcesViewController.swift in Sources */ = {isa = PBXBuildFile; fileRef = 5B8F585D20F502DC003698F5 /* SourcesViewController.swift */; };
		5B8F586120F502DC003698F5 /* Main.storyboard in Resources */ = {isa = PBXBuildFile; fileRef = 5B8F585F20F502DC003698F5 /* Main.storyboard */; };
		5B8F586320F502DF003698F5 /* Assets.xcassets in Resources */ = {isa = PBXBuildFile; fileRef = 5B8F586220F502DF003698F5 /* Assets.xcassets */; };
		5B8F586620F502DF003698F5 /* LaunchScreen.storyboard in Resources */ = {isa = PBXBuildFile; fileRef = 5B8F586420F502DF003698F5 /* LaunchScreen.storyboard */; };
		5B8F587120F502DF003698F5 /* topStoriesTests.swift in Sources */ = {isa = PBXBuildFile; fileRef = 5B8F587020F502DF003698F5 /* topStoriesTests.swift */; };
		5B8F587C20F502DF003698F5 /* topStoriesUITests.swift in Sources */ = {isa = PBXBuildFile; fileRef = 5B8F587B20F502DF003698F5 /* topStoriesUITests.swift */; };
		5B8F588D20F50936003698F5 /* SwiftyJSON.swift in Sources */ = {isa = PBXBuildFile; fileRef = 5B8F588B20F50926003698F5 /* SwiftyJSON.swift */; };
/* End PBXBuildFile section */

/* Begin PBXContainerItemProxy section */
		5B8F586D20F502DF003698F5 /* PBXContainerItemProxy */ = {
			isa = PBXContainerItemProxy;
			containerPortal = 5B8F585020F502DC003698F5 /* Project object */;
			proxyType = 1;
			remoteGlobalIDString = 5B8F585720F502DC003698F5;
			remoteInfo = topStories;
		};
		5B8F587820F502DF003698F5 /* PBXContainerItemProxy */ = {
			isa = PBXContainerItemProxy;
			containerPortal = 5B8F585020F502DC003698F5 /* Project object */;
			proxyType = 1;
			remoteGlobalIDString = 5B8F585720F502DC003698F5;
			remoteInfo = topStories;
		};
/* End PBXContainerItemProxy section */

/* Begin PBXFileReference section */
		5B8F585820F502DC003698F5 /* topStories.app */ = {isa = PBXFileReference; explicitFileType = wrapper.application; includeInIndex = 0; path = topStories.app; sourceTree = BUILT_PRODUCTS_DIR; };
		5B8F585B20F502DC003698F5 /* AppDelegate.swift */ = {isa = PBXFileReference; lastKnownFileType = sourcecode.swift; path = AppDelegate.swift; sourceTree = "<group>"; };
		5B8F585D20F502DC003698F5 /* SourcesViewController.swift */ = {isa = PBXFileReference; lastKnownFileType = sourcecode.swift; path = SourcesViewController.swift; sourceTree = "<group>"; };
		5B8F586020F502DC003698F5 /* Base */ = {isa = PBXFileReference; lastKnownFileType = file.storyboard; name = Base; path = Base.lproj/Main.storyboard; sourceTree = "<group>"; };
		5B8F586220F502DF003698F5 /* Assets.xcassets */ = {isa = PBXFileReference; lastKnownFileType = folder.assetcatalog; path = Assets.xcassets; sourceTree = "<group>"; };
		5B8F586520F502DF003698F5 /* Base */ = {isa = PBXFileReference; lastKnownFileType = file.storyboard; name = Base; path = Base.lproj/LaunchScreen.storyboard; sourceTree = "<group>"; };
		5B8F586720F502DF003698F5 /* Info.plist */ = {isa = PBXFileReference; lastKnownFileType = text.plist.xml; path = Info.plist; sourceTree = "<group>"; };
		5B8F586C20F502DF003698F5 /* topStoriesTests.xctest */ = {isa = PBXFileReference; explicitFileType = wrapper.cfbundle; includeInIndex = 0; path = topStoriesTests.xctest; sourceTree = BUILT_PRODUCTS_DIR; };
		5B8F587020F502DF003698F5 /* topStoriesTests.swift */ = {isa = PBXFileReference; lastKnownFileType = sourcecode.swift; path = topStoriesTests.swift; sourceTree = "<group>"; };
		5B8F587220F502DF003698F5 /* Info.plist */ = {isa = PBXFileReference; lastKnownFileType = text.plist.xml; path = Info.plist; sourceTree = "<group>"; };
		5B8F587720F502DF003698F5 /* topStoriesUITests.xctest */ = {isa = PBXFileReference; explicitFileType = wrapper.cfbundle; includeInIndex = 0; path = topStoriesUITests.xctest; sourceTree = BUILT_PRODUCTS_DIR; };
		5B8F587B20F502DF003698F5 /* topStoriesUITests.swift */ = {isa = PBXFileReference; lastKnownFileType = sourcecode.swift; path = topStoriesUITests.swift; sourceTree = "<group>"; };
		5B8F587D20F502DF003698F5 /* Info.plist */ = {isa = PBXFileReference; lastKnownFileType = text.plist.xml; path = Info.plist; sourceTree = "<group>"; };
		5B8F588B20F50926003698F5 /* SwiftyJSON.swift */ = {isa = PBXFileReference; fileEncoding = 4; lastKnownFileType = sourcecode.swift; path = SwiftyJSON.swift; sourceTree = "<group>"; };
/* End PBXFileReference section */

/* Begin PBXFrameworksBuildPhase section */
		5B8F585520F502DC003698F5 /* Frameworks */ = {
			isa = PBXFrameworksBuildPhase;
			buildActionMask = 2147483647;
			files = (
			);
			runOnlyForDeploymentPostprocessing = 0;
		};
		5B8F586920F502DF003698F5 /* Frameworks */ = {
			isa = PBXFrameworksBuildPhase;
			buildActionMask = 2147483647;
			files = (
			);
			runOnlyForDeploymentPostprocessing = 0;
		};
		5B8F587420F502DF003698F5 /* Frameworks */ = {
			isa = PBXFrameworksBuildPhase;
			buildActionMask = 2147483647;
			files = (
			);
			runOnlyForDeploymentPostprocessing = 0;
		};
/* End PBXFrameworksBuildPhase section */

/* Begin PBXGroup section */
		5B8F584F20F502DC003698F5 = {
			isa = PBXGroup;
			children = (
				5B8F585A20F502DC003698F5 /* topStories */,
				5B8F586F20F502DF003698F5 /* topStoriesTests */,
				5B8F587A20F502DF003698F5 /* topStoriesUITests */,
				5B8F585920F502DC003698F5 /* Products */,
			);
			sourceTree = "<group>";
		};
		5B8F585920F502DC003698F5 /* Products */ = {
			isa = PBXGroup;
			children = (
				5B8F585820F502DC003698F5 /* topStories.app */,
				5B8F586C20F502DF003698F5 /* topStoriesTests.xctest */,
				5B8F587720F502DF003698F5 /* topStoriesUITests.xctest */,
			);
			name = Products;
			sourceTree = "<group>";
		};
		5B8F585A20F502DC003698F5 /* topStories */ = {
			isa = PBXGroup;
			children = (
				5B8F585B20F502DC003698F5 /* AppDelegate.swift */,
				5B8F585D20F502DC003698F5 /* SourcesViewController.swift */,
				5B8F585F20F502DC003698F5 /* Main.storyboard */,
				5B8F586220F502DF003698F5 /* Assets.xcassets */,
				5B8F586420F502DF003698F5 /* LaunchScreen.storyboard */,
				5B8F586720F502DF003698F5 /* Info.plist */,
				5B8F588B20F50926003698F5 /* SwiftyJSON.swift */,
			);
			path = topStories;
			sourceTree = "<group>";
		};
		5B8F586F20F502DF003698F5 /* topStoriesTests */ = {
			isa = PBXGroup;
			children = (
				5B8F587020F502DF003698F5 /* topStoriesTests.swift */,
				5B8F587220F502DF003698F5 /* Info.plist */,
			);
			path = topStoriesTests;
			sourceTree = "<group>";
		};
		5B8F587A20F502DF003698F5 /* topStoriesUITests */ = {
			isa = PBXGroup;
			children = (
				5B8F587B20F502DF003698F5 /* topStoriesUITests.swift */,
				5B8F587D20F502DF003698F5 /* Info.plist */,
			);
			path = topStoriesUITests;
			sourceTree = "<group>";
		};
/* End PBXGroup section */

/* Begin PBXNativeTarget section */
		5B8F585720F502DC003698F5 /* topStories */ = {
			isa = PBXNativeTarget;
			buildConfigurationList = 5B8F588020F502DF003698F5 /* Build configuration list for PBXNativeTarget "topStories" */;
			buildPhases = (
				5B8F585420F502DC003698F5 /* Sources */,
				5B8F585520F502DC003698F5 /* Frameworks */,
				5B8F585620F502DC003698F5 /* Resources */,
			);
			buildRules = (
			);
			dependencies = (
			);
			name = topStories;
			productName = topStories;
			productReference = 5B8F585820F502DC003698F5 /* topStories.app */;
			productType = "com.apple.product-type.application";
		};
		5B8F586B20F502DF003698F5 /* topStoriesTests */ = {
			isa = PBXNativeTarget;
			buildConfigurationList = 5B8F588320F502DF003698F5 /* Build configuration list for PBXNativeTarget "topStoriesTests" */;
			buildPhases = (
				5B8F586820F502DF003698F5 /* Sources */,
				5B8F586920F502DF003698F5 /* Frameworks */,
				5B8F586A20F502DF003698F5 /* Resources */,
			);
			buildRules = (
			);
			dependencies = (
				5B8F586E20F502DF003698F5 /* PBXTargetDependency */,
			);
			name = topStoriesTests;
			productName = topStoriesTests;
			productReference = 5B8F586C20F502DF003698F5 /* topStoriesTests.xctest */;
			productType = "com.apple.product-type.bundle.unit-test";
		};
		5B8F587620F502DF003698F5 /* topStoriesUITests */ = {
			isa = PBXNativeTarget;
			buildConfigurationList = 5B8F588620F502DF003698F5 /* Build configuration list for PBXNativeTarget "topStoriesUITests" */;
			buildPhases = (
				5B8F587320F502DF003698F5 /* Sources */,
				5B8F587420F502DF003698F5 /* Frameworks */,
				5B8F587520F502DF003698F5 /* Resources */,
			);
			buildRules = (
			);
			dependencies = (
				5B8F587920F502DF003698F5 /* PBXTargetDependency */,
			);
			name = topStoriesUITests;
			productName = topStoriesUITests;
			productReference = 5B8F587720F502DF003698F5 /* topStoriesUITests.xctest */;
			productType = "com.apple.product-type.bundle.ui-testing";
		};
/* End PBXNativeTarget section */

/* Begin PBXProject section */
		5B8F585020F502DC003698F5 /* Project object */ = {
			isa = PBXProject;
			attributes = {
				LastSwiftUpdateCheck = 0940;
				LastUpgradeCheck = 0940;
				ORGANIZATIONNAME = "Rishi Anand";
				TargetAttributes = {
					5B8F585720F502DC003698F5 = {
						CreatedOnToolsVersion = 9.4.1;
					};
					5B8F586B20F502DF003698F5 = {
						CreatedOnToolsVersion = 9.4.1;
						TestTargetID = 5B8F585720F502DC003698F5;
					};
					5B8F587620F502DF003698F5 = {
						CreatedOnToolsVersion = 9.4.1;
						TestTargetID = 5B8F585720F502DC003698F5;
					};
				};
			};
			buildConfigurationList = 5B8F585320F502DC003698F5 /* Build configuration list for PBXProject "topStories" */;
			compatibilityVersion = "Xcode 9.3";
			developmentRegion = en;
			hasScannedForEncodings = 0;
			knownRegions = (
				en,
				Base,
			);
			mainGroup = 5B8F584F20F502DC003698F5;
			productRefGroup = 5B8F585920F502DC003698F5 /* Products */;
			projectDirPath = "";
			projectRoot = "";
			targets = (
				5B8F585720F502DC003698F5 /* topStories */,
				5B8F586B20F502DF003698F5 /* topStoriesTests */,
				5B8F587620F502DF003698F5 /* topStoriesUITests */,
			);
		};
/* End PBXProject section */

/* Begin PBXResourcesBuildPhase section */
		5B8F585620F502DC003698F5 /* Resources */ = {
			isa = PBXResourcesBuildPhase;
			buildActionMask = 2147483647;
			files = (
				5B8F586620F502DF003698F5 /* LaunchScreen.storyboard in Resources */,
				5B8F586320F502DF003698F5 /* Assets.xcassets in Resources */,
				5B8F586120F502DC003698F5 /* Main.storyboard in Resources */,
			);
			runOnlyForDeploymentPostprocessing = 0;
		};
		5B8F586A20F502DF003698F5 /* Resources */ = {
			isa = PBXResourcesBuildPhase;
			buildActionMask = 2147483647;
			files = (
			);
			runOnlyForDeploymentPostprocessing = 0;
		};
		5B8F587520F502DF003698F5 /* Resources */ = {
			isa = PBXResourcesBuildPhase;
			buildActionMask = 2147483647;
			files = (
			);
			runOnlyForDeploymentPostprocessing = 0;
		};
/* End PBXResourcesBuildPhase section */

/* Begin PBXSourcesBuildPhase section */
		5B8F585420F502DC003698F5 /* Sources */ = {
			isa = PBXSourcesBuildPhase;
			buildActionMask = 2147483647;
			files = (
				5B8F588D20F50936003698F5 /* SwiftyJSON.swift in Sources */,
				5B8F585E20F502DC003698F5 /* SourcesViewController.swift in Sources */,
				5B8F585C20F502DC003698F5 /* AppDelegate.swift in Sources */,
			);
			runOnlyForDeploymentPostprocessing = 0;
		};
		5B8F586820F502DF003698F5 /* Sources */ = {
			isa = PBXSourcesBuildPhase;
			buildActionMask = 2147483647;
			files = (
				5B8F587120F502DF003698F5 /* topStoriesTests.swift in Sources */,
			);
			runOnlyForDeploymentPostprocessing = 0;
		};
		5B8F587320F502DF003698F5 /* Sources */ = {
			isa = PBXSourcesBuildPhase;
			buildActionMask = 2147483647;
			files = (
				5B8F587C20F502DF003698F5 /* topStoriesUITests.swift in Sources */,
			);
			runOnlyForDeploymentPostprocessing = 0;
		};
/* End PBXSourcesBuildPhase section */

/* Begin PBXTargetDependency section */
		5B8F586E20F502DF003698F5 /* PBXTargetDependency */ = {
			isa = PBXTargetDependency;
			target = 5B8F585720F502DC003698F5 /* topStories */;
			targetProxy = 5B8F586D20F502DF003698F5 /* PBXContainerItemProxy */;
		};
		5B8F587920F502DF003698F5 /* PBXTargetDependency */ = {
			isa = PBXTargetDependency;
			target = 5B8F585720F502DC003698F5 /* topStories */;
			targetProxy = 5B8F587820F502DF003698F5 /* PBXContainerItemProxy */;
		};
/* End PBXTargetDependency section */

/* Begin PBXVariantGroup section */
		5B8F585F20F502DC003698F5 /* Main.storyboard */ = {
			isa = PBXVariantGroup;
			children = (
				5B8F586020F502DC003698F5 /* Base */,
			);
			name = Main.storyboard;
			sourceTree = "<group>";
		};
		5B8F586420F502DF003698F5 /* LaunchScreen.storyboard */ = {
			isa = PBXVariantGroup;
			children = (
				5B8F586520F502DF003698F5 /* Base */,
			);
			name = LaunchScreen.storyboard;
			sourceTree = "<group>";
		};
/* End PBXVariantGroup section */

/* Begin XCBuildConfiguration section */
		5B8F587E20F502DF003698F5 /* Debug */ = {
			isa = XCBuildConfiguration;
			buildSettings = {
				ALWAYS_SEARCH_USER_PATHS = NO;
				CLANG_ANALYZER_NONNULL = YES;
				CLANG_ANALYZER_NUMBER_OBJECT_CONVERSION = YES_AGGRESSIVE;
				CLANG_CXX_LANGUAGE_STANDARD = "gnu++14";
				CLANG_CXX_LIBRARY = "libc++";
				CLANG_ENABLE_MODULES = YES;
				CLANG_ENABLE_OBJC_ARC = YES;
				CLANG_ENABLE_OBJC_WEAK = YES;
				CLANG_WARN_BLOCK_CAPTURE_AUTORELEASING = YES;
				CLANG_WARN_BOOL_CONVERSION = YES;
				CLANG_WARN_COMMA = YES;
				CLANG_WARN_CONSTANT_CONVERSION = YES;
				CLANG_WARN_DEPRECATED_OBJC_IMPLEMENTATIONS = YES;
				CLANG_WARN_DIRECT_OBJC_ISA_USAGE = YES_ERROR;
				CLANG_WARN_DOCUMENTATION_COMMENTS = YES;
				CLANG_WARN_EMPTY_BODY = YES;
				CLANG_WARN_ENUM_CONVERSION = YES;
				CLANG_WARN_INFINITE_RECURSION = YES;
				CLANG_WARN_INT_CONVERSION = YES;
				CLANG_WARN_NON_LITERAL_NULL_CONVERSION = YES;
				CLANG_WARN_OBJC_IMPLICIT_RETAIN_SELF = YES;
				CLANG_WARN_OBJC_LITERAL_CONVERSION = YES;
				CLANG_WARN_OBJC_ROOT_CLASS = YES_ERROR;
				CLANG_WARN_RANGE_LOOP_ANALYSIS = YES;
				CLANG_WARN_STRICT_PROTOTYPES = YES;
				CLANG_WARN_SUSPICIOUS_MOVE = YES;
				CLANG_WARN_UNGUARDED_AVAILABILITY = YES_AGGRESSIVE;
				CLANG_WARN_UNREACHABLE_CODE = YES;
				CLANG_WARN__DUPLICATE_METHOD_MATCH = YES;
				CODE_SIGN_IDENTITY = "iPhone Developer";
				COPY_PHASE_STRIP = NO;
				DEBUG_INFORMATION_FORMAT = dwarf;
				ENABLE_STRICT_OBJC_MSGSEND = YES;
				ENABLE_TESTABILITY = YES;
				GCC_C_LANGUAGE_STANDARD = gnu11;
				GCC_DYNAMIC_NO_PIC = NO;
				GCC_NO_COMMON_BLOCKS = YES;
				GCC_OPTIMIZATION_LEVEL = 0;
				GCC_PREPROCESSOR_DEFINITIONS = (
					"DEBUG=1",
					"$(inherited)",
				);
				GCC_WARN_64_TO_32_BIT_CONVERSION = YES;
				GCC_WARN_ABOUT_RETURN_TYPE = YES_ERROR;
				GCC_WARN_UNDECLARED_SELECTOR = YES;
				GCC_WARN_UNINITIALIZED_AUTOS = YES_AGGRESSIVE;
				GCC_WARN_UNUSED_FUNCTION = YES;
				GCC_WARN_UNUSED_VARIABLE = YES;
				IPHONEOS_DEPLOYMENT_TARGET = 11.4;
				MTL_ENABLE_DEBUG_INFO = YES;
				ONLY_ACTIVE_ARCH = YES;
				SDKROOT = iphoneos;
				SWIFT_ACTIVE_COMPILATION_CONDITIONS = DEBUG;
				SWIFT_OPTIMIZATION_LEVEL = "-Onone";
			};
			name = Debug;
		};
		5B8F587F20F502DF003698F5 /* Release */ = {
			isa = XCBuildConfiguration;
			buildSettings = {
				ALWAYS_SEARCH_USER_PATHS = NO;
				CLANG_ANALYZER_NONNULL = YES;
				CLANG_ANALYZER_NUMBER_OBJECT_CONVERSION = YES_AGGRESSIVE;
				CLANG_CXX_LANGUAGE_STANDARD = "gnu++14";
				CLANG_CXX_LIBRARY = "libc++";
				CLANG_ENABLE_MODULES = YES;
				CLANG_ENABLE_OBJC_ARC = YES;
				CLANG_ENABLE_OBJC_WEAK = YES;
				CLANG_WARN_BLOCK_CAPTURE_AUTORELEASING = YES;
				CLANG_WARN_BOOL_CONVERSION = YES;
				CLANG_WARN_COMMA = YES;
				CLANG_WARN_CONSTANT_CONVERSION = YES;
				CLANG_WARN_DEPRECATED_OBJC_IMPLEMENTATIONS = YES;
				CLANG_WARN_DIRECT_OBJC_ISA_USAGE = YES_ERROR;
				CLANG_WARN_DOCUMENTATION_COMMENTS = YES;
				CLANG_WARN_EMPTY_BODY = YES;
				CLANG_WARN_ENUM_CONVERSION = YES;
				CLANG_WARN_INFINITE_RECURSION = YES;
				CLANG_WARN_INT_CONVERSION = YES;
				CLANG_WARN_NON_LITERAL_NULL_CONVERSION = YES;
				CLANG_WARN_OBJC_IMPLICIT_RETAIN_SELF = YES;
				CLANG_WARN_OBJC_LITERAL_CONVERSION = YES;
				CLANG_WARN_OBJC_ROOT_CLASS = YES_ERROR;
				CLANG_WARN_RANGE_LOOP_ANALYSIS = YES;
				CLANG_WARN_STRICT_PROTOTYPES = YES;
				CLANG_WARN_SUSPICIOUS_MOVE = YES;
				CLANG_WARN_UNGUARDED_AVAILABILITY = YES_AGGRESSIVE;
				CLANG_WARN_UNREACHABLE_CODE = YES;
				CLANG_WARN__DUPLICATE_METHOD_MATCH = YES;
				CODE_SIGN_IDENTITY = "iPhone Developer";
				COPY_PHASE_STRIP = NO;
				DEBUG_INFORMATION_FORMAT = "dwarf-with-dsym";
				ENABLE_NS_ASSERTIONS = NO;
				ENABLE_STRICT_OBJC_MSGSEND = YES;
				GCC_C_LANGUAGE_STANDARD = gnu11;
				GCC_NO_COMMON_BLOCKS = YES;
				GCC_WARN_64_TO_32_BIT_CONVERSION = YES;
				GCC_WARN_ABOUT_RETURN_TYPE = YES_ERROR;
				GCC_WARN_UNDECLARED_SELECTOR = YES;
				GCC_WARN_UNINITIALIZED_AUTOS = YES_AGGRESSIVE;
				GCC_WARN_UNUSED_FUNCTION = YES;
				GCC_WARN_UNUSED_VARIABLE = YES;
				IPHONEOS_DEPLOYMENT_TARGET = 11.4;
				MTL_ENABLE_DEBUG_INFO = NO;
				SDKROOT = iphoneos;
				SWIFT_COMPILATION_MODE = wholemodule;
				SWIFT_OPTIMIZATION_LEVEL = "-O";
				VALIDATE_PRODUCT = YES;
			};
			name = Release;
		};
		5B8F588120F502DF003698F5 /* Debug */ = {
			isa = XCBuildConfiguration;
			buildSettings = {
				ASSETCATALOG_COMPILER_APPICON_NAME = AppIcon;
				CODE_SIGN_STYLE = Automatic;
				DEVELOPMENT_TEAM = 86J45LDZ7X;
				INFOPLIST_FILE = topStories/Info.plist;
				LD_RUNPATH_SEARCH_PATHS = (
					"$(inherited)",
					"@executable_path/Frameworks",
				);
				PRODUCT_BUNDLE_IDENTIFIER = ra.topStories;
				PRODUCT_NAME = "$(TARGET_NAME)";
				SWIFT_VERSION = 4.0;
				TARGETED_DEVICE_FAMILY = "1,2";
			};
			name = Debug;
		};
		5B8F588220F502DF003698F5 /* Release */ = {
			isa = XCBuildConfiguration;
			buildSettings = {
				ASSETCATALOG_COMPILER_APPICON_NAME = AppIcon;
				CODE_SIGN_STYLE = Automatic;
				DEVELOPMENT_TEAM = 86J45LDZ7X;
				INFOPLIST_FILE = topStories/Info.plist;
				LD_RUNPATH_SEARCH_PATHS = (
					"$(inherited)",
					"@executable_path/Frameworks",
				);
				PRODUCT_BUNDLE_IDENTIFIER = ra.topStories;
				PRODUCT_NAME = "$(TARGET_NAME)";
				SWIFT_VERSION = 4.0;
				TARGETED_DEVICE_FAMILY = "1,2";
			};
			name = Release;
		};
		5B8F588420F502DF003698F5 /* Debug */ = {
			isa = XCBuildConfiguration;
			buildSettings = {
				ALWAYS_EMBED_SWIFT_STANDARD_LIBRARIES = YES;
				BUNDLE_LOADER = "$(TEST_HOST)";
				CODE_SIGN_STYLE = Automatic;
				DEVELOPMENT_TEAM = 86J45LDZ7X;
				INFOPLIST_FILE = topStoriesTests/Info.plist;
				LD_RUNPATH_SEARCH_PATHS = (
					"$(inherited)",
					"@executable_path/Frameworks",
					"@loader_path/Frameworks",
				);
				PRODUCT_BUNDLE_IDENTIFIER = ra.topStoriesTests;
				PRODUCT_NAME = "$(TARGET_NAME)";
				SWIFT_VERSION = 4.0;
				TARGETED_DEVICE_FAMILY = "1,2";
				TEST_HOST = "$(BUILT_PRODUCTS_DIR)/topStories.app/topStories";
			};
			name = Debug;
		};
		5B8F588520F502DF003698F5 /* Release */ = {
			isa = XCBuildConfiguration;
			buildSettings = {
				ALWAYS_EMBED_SWIFT_STANDARD_LIBRARIES = YES;
				BUNDLE_LOADER = "$(TEST_HOST)";
				CODE_SIGN_STYLE = Automatic;
				DEVELOPMENT_TEAM = 86J45LDZ7X;
				INFOPLIST_FILE = topStoriesTests/Info.plist;
				LD_RUNPATH_SEARCH_PATHS = (
					"$(inherited)",
					"@executable_path/Frameworks",
					"@loader_path/Frameworks",
				);
				PRODUCT_BUNDLE_IDENTIFIER = ra.topStoriesTests;
				PRODUCT_NAME = "$(TARGET_NAME)";
				SWIFT_VERSION = 4.0;
				TARGETED_DEVICE_FAMILY = "1,2";
				TEST_HOST = "$(BUILT_PRODUCTS_DIR)/topStories.app/topStories";
			};
			name = Release;
		};
		5B8F588720F502DF003698F5 /* Debug */ = {
			isa = XCBuildConfiguration;
			buildSettings = {
				ALWAYS_EMBED_SWIFT_STANDARD_LIBRARIES = YES;
				CODE_SIGN_STYLE = Automatic;
				DEVELOPMENT_TEAM = 86J45LDZ7X;
				INFOPLIST_FILE = topStoriesUITests/Info.plist;
				LD_RUNPATH_SEARCH_PATHS = (
					"$(inherited)",
					"@executable_path/Frameworks",
					"@loader_path/Frameworks",
				);
				PRODUCT_BUNDLE_IDENTIFIER = ra.topStoriesUITests;
				PRODUCT_NAME = "$(TARGET_NAME)";
				SWIFT_VERSION = 4.0;
				TARGETED_DEVICE_FAMILY = "1,2";
				TEST_TARGET_NAME = topStories;
			};
			name = Debug;
		};
		5B8F588820F502DF003698F5 /* Release */ = {
			isa = XCBuildConfiguration;
			buildSettings = {
				ALWAYS_EMBED_SWIFT_STANDARD_LIBRARIES = YES;
				CODE_SIGN_STYLE = Automatic;
				DEVELOPMENT_TEAM = 86J45LDZ7X;
				INFOPLIST_FILE = topStoriesUITests/Info.plist;
				LD_RUNPATH_SEARCH_PATHS = (
					"$(inherited)",
					"@executable_path/Frameworks",
					"@loader_path/Frameworks",
				);
				PRODUCT_BUNDLE_IDENTIFIER = ra.topStoriesUITests;
				PRODUCT_NAME = "$(TARGET_NAME)";
				SWIFT_VERSION = 4.0;
				TARGETED_DEVICE_FAMILY = "1,2";
				TEST_TARGET_NAME = topStories;
			};
			name = Release;
		};
/* End XCBuildConfiguration section */

/* Begin XCConfigurationList section */
		5B8F585320F502DC003698F5 /* Build configuration list for PBXProject "topStories" */ = {
			isa = XCConfigurationList;
			buildConfigurations = (
				5B8F587E20F502DF003698F5 /* Debug */,
				5B8F587F20F502DF003698F5 /* Release */,
			);
			defaultConfigurationIsVisible = 0;
			defaultConfigurationName = Release;
		};
		5B8F588020F502DF003698F5 /* Build configuration list for PBXNativeTarget "topStories" */ = {
			isa = XCConfigurationList;
			buildConfigurations = (
				5B8F588120F502DF003698F5 /* Debug */,
				5B8F588220F502DF003698F5 /* Release */,
			);
			defaultConfigurationIsVisible = 0;
			defaultConfigurationName = Release;
		};
		5B8F588320F502DF003698F5 /* Build configuration list for PBXNativeTarget "topStoriesTests" */ = {
			isa = XCConfigurationList;
			buildConfigurations = (
				5B8F588420F502DF003698F5 /* Debug */,
				5B8F588520F502DF003698F5 /* Release */,
			);
			defaultConfigurationIsVisible = 0;
			defaultConfigurationName = Release;
		};
		5B8F588620F502DF003698F5 /* Build configuration list for PBXNativeTarget "topStoriesUITests" */ = {
			isa = XCConfigurationList;
			buildConfigurations = (
				5B8F588720F502DF003698F5 /* Debug */,
				5B8F588820F502DF003698F5 /* Release */,
			);
			defaultConfigurationIsVisible = 0;
			defaultConfigurationName = Release;
		};
/* End XCConfigurationList section */
	};
	rootObject = 5B8F585020F502DC003698F5 /* Project object */;
}
